
Microsoft Visual Studio Solution File, Format Version 12.00
# Visual Studio Version 16
VisualStudioVersion = 16.0.30128.74
MinimumVisualStudioVersion = 10.0.40219.1
Project("{2150E333-8FDC-42A3-9474-1A3956D46DE8}") = "Solution Items", "Solution Items", "{998EE8B4-96CC-49A7-8B62-D45D042B71E1}"
	ProjectSection(SolutionItems) = preProject
		LICENSE = LICENSE
		README.md = README.md
	EndProjectSection
EndProject
Project("{2150E333-8FDC-42A3-9474-1A3956D46DE8}") = "src", "src", "{4E219C4B-4A92-43E0-A86E-BDFE86210427}"
EndProject
Project("{2150E333-8FDC-42A3-9474-1A3956D46DE8}") = "tests", "tests", "{4EF10C4D-C02F-4ADB-AC64-E1B4816AA393}"
EndProject
Project("{2150E333-8FDC-42A3-9474-1A3956D46DE8}") = "Services", "Services", "{E43D10FC-D932-4AB6-A982-88E3C1610B38}"
EndProject
Project("{2150E333-8FDC-42A3-9474-1A3956D46DE8}") = "ApiGateway", "ApiGateway", "{6FFF6270-148B-4546-BC10-E737CF9E6405}"
	ProjectSection(SolutionItems) = preProject
		ApiGateway\README.md = ApiGateway\README.md
	EndProjectSection
EndProject
Project("{2150E333-8FDC-42A3-9474-1A3956D46DE8}") = "EventBus", "EventBus", "{DC3AF596-37D3-4E42-98F0-AC305BA4A063}"
	ProjectSection(SolutionItems) = preProject
		EventBus\README.md = EventBus\README.md
	EndProjectSection
EndProject
Project("{2150E333-8FDC-42A3-9474-1A3956D46DE8}") = "DataSources", "DataSources", "{3C3D9CDF-7A2C-4DAF-B00F-A892F34F9A94}"
EndProject
Project("{2150E333-8FDC-42A3-9474-1A3956D46DE8}") = "Web", "Web", "{53B800EB-FDC8-4409-A99F-9C9099F3507A}"
EndProject
Project("{2150E333-8FDC-42A3-9474-1A3956D46DE8}") = "Profile", "Profile", "{B91F9AD6-C4B6-478A-91C7-60C296E4D4E9}"
EndProject
Project("{2150E333-8FDC-42A3-9474-1A3956D46DE8}") = "Report", "Report", "{B2AA53F7-2A66-4885-97AA-7E77018816D5}"
EndProject
Project("{2150E333-8FDC-42A3-9474-1A3956D46DE8}") = "Identity", "Identity", "{22464DB9-8FD4-489E-9C7D-F6800C8B9831}"
EndProject
Project("{2150E333-8FDC-42A3-9474-1A3956D46DE8}") = "DataProcessor", "DataProcessor", "{84C63EFA-2634-4182-921E-884B0FF6115C}"
EndProject
Project("{2150E333-8FDC-42A3-9474-1A3956D46DE8}") = "Sensor", "Sensor", "{447D4B71-E0D8-46DA-917E-5FB9C0B2F83D}"
EndProject
Project("{9A19103F-16F7-4668-BE54-9A1E7A4F7556}") = "Sensor.API", "Services\Sensor\Sensor.API\Sensor.API.csproj", "{E2852FBC-327A-4F2D-BC3E-DDD05D55F395}"
EndProject
Project("{9A19103F-16F7-4668-BE54-9A1E7A4F7556}") = "DataProcessor.API", "Services\DataProcessor\DataProcessor.API\DataProcessor.API.csproj", "{399210A0-2F2D-4F4F-B4BE-811731E59C3A}"
EndProject
Project("{9A19103F-16F7-4668-BE54-9A1E7A4F7556}") = "Profile.API", "Services\Profile\Profile.API\Profile.API.csproj", "{D71554AC-8E81-467D-8673-DC168739EBD1}"
EndProject
Project("{9A19103F-16F7-4668-BE54-9A1E7A4F7556}") = "Identity.API", "Services\Identity\Identity.API\Identity.API.csproj", "{3429D4F1-ADA4-4F2D-92D1-43FA047FC3B2}"
EndProject
Project("{9A19103F-16F7-4668-BE54-9A1E7A4F7556}") = "Report.API", "Services\Report\Report.API\Report.API.csproj", "{77C8F008-351B-4E85-964E-9F6642E70F80}"
EndProject
Project("{9A19103F-16F7-4668-BE54-9A1E7A4F7556}") = "Gateway.API", "ApiGateway\Gateway.API\Gateway.API.csproj", "{C28A0A11-BAF3-4E9A-BD34-A63BAB3570C8}"
EndProject
Project("{2150E333-8FDC-42A3-9474-1A3956D46DE8}") = "deploy", "deploy", "{CA2803D8-FE39-48E2-9B9A-E15D7374F8EF}"
EndProject
Project("{E53339B2-1760-4266-BCC7-CA923CBCF16C}") = "docker-compose", "deploy\docker-compose.dcproj", "{0EC8C826-440C-4A0F-9BC2-84197C9819D7}"
EndProject
Project("{9A19103F-16F7-4668-BE54-9A1E7A4F7556}") = "Profile.UnitTests", "Services\Profile\Profile.UnitTests\Profile.UnitTests.csproj", "{05CBEA30-507A-40B1-8478-B6DEAA34F46A}"
EndProject
Project("{9A19103F-16F7-4668-BE54-9A1E7A4F7556}") = "DataProcessor.UnitTests", "Services\DataProcessor\DataProcessor.UnitTests\DataProcessor.UnitTests.csproj", "{CAE6001D-2308-48D5-A902-B858FC4F5498}"
EndProject
Project("{9A19103F-16F7-4668-BE54-9A1E7A4F7556}") = "Identity.UnitTests", "Services\Identity\Identity.UnitTests\Identity.UnitTests.csproj", "{48246AEA-728E-4218-8F0E-957D7965CBF5}"
EndProject
Project("{9A19103F-16F7-4668-BE54-9A1E7A4F7556}") = "Report.UnitTests", "Services\Report\Report.UnitTests\Report.UnitTests.csproj", "{ACED5C60-3BBD-4081-A024-66C2911609BF}"
EndProject
Project("{9A19103F-16F7-4668-BE54-9A1E7A4F7556}") = "Sensor.UnitTests", "Services\Sensor\Sensor.UnitTests\Sensor.UnitTests.csproj", "{E811E0F7-DA50-4133-8CED-09F881D8123C}"
EndProject
Project("{9A19103F-16F7-4668-BE54-9A1E7A4F7556}") = "EventBus.Contracts", "EventBus\EventBus.Contracts\EventBus.Contracts.csproj", "{6F320C2B-F576-4836-855F-8FD49279091C}"
EndProject
Global
	GlobalSection(SolutionConfigurationPlatforms) = preSolution
		Debug|Any CPU = Debug|Any CPU
		Release|Any CPU = Release|Any CPU
	EndGlobalSection
	GlobalSection(ProjectConfigurationPlatforms) = postSolution
		{E2852FBC-327A-4F2D-BC3E-DDD05D55F395}.Debug|Any CPU.ActiveCfg = Debug|Any CPU
		{E2852FBC-327A-4F2D-BC3E-DDD05D55F395}.Debug|Any CPU.Build.0 = Debug|Any CPU
		{E2852FBC-327A-4F2D-BC3E-DDD05D55F395}.Release|Any CPU.ActiveCfg = Release|Any CPU
		{E2852FBC-327A-4F2D-BC3E-DDD05D55F395}.Release|Any CPU.Build.0 = Release|Any CPU
		{399210A0-2F2D-4F4F-B4BE-811731E59C3A}.Debug|Any CPU.ActiveCfg = Debug|Any CPU
		{399210A0-2F2D-4F4F-B4BE-811731E59C3A}.Debug|Any CPU.Build.0 = Debug|Any CPU
		{399210A0-2F2D-4F4F-B4BE-811731E59C3A}.Release|Any CPU.ActiveCfg = Release|Any CPU
		{399210A0-2F2D-4F4F-B4BE-811731E59C3A}.Release|Any CPU.Build.0 = Release|Any CPU
		{D71554AC-8E81-467D-8673-DC168739EBD1}.Debug|Any CPU.ActiveCfg = Debug|Any CPU
		{D71554AC-8E81-467D-8673-DC168739EBD1}.Debug|Any CPU.Build.0 = Debug|Any CPU
		{D71554AC-8E81-467D-8673-DC168739EBD1}.Release|Any CPU.ActiveCfg = Release|Any CPU
		{D71554AC-8E81-467D-8673-DC168739EBD1}.Release|Any CPU.Build.0 = Release|Any CPU
		{3429D4F1-ADA4-4F2D-92D1-43FA047FC3B2}.Debug|Any CPU.ActiveCfg = Debug|Any CPU
		{3429D4F1-ADA4-4F2D-92D1-43FA047FC3B2}.Debug|Any CPU.Build.0 = Debug|Any CPU
		{3429D4F1-ADA4-4F2D-92D1-43FA047FC3B2}.Release|Any CPU.ActiveCfg = Release|Any CPU
		{3429D4F1-ADA4-4F2D-92D1-43FA047FC3B2}.Release|Any CPU.Build.0 = Release|Any CPU
		{77C8F008-351B-4E85-964E-9F6642E70F80}.Debug|Any CPU.ActiveCfg = Debug|Any CPU
		{77C8F008-351B-4E85-964E-9F6642E70F80}.Debug|Any CPU.Build.0 = Debug|Any CPU
		{77C8F008-351B-4E85-964E-9F6642E70F80}.Release|Any CPU.ActiveCfg = Release|Any CPU
		{77C8F008-351B-4E85-964E-9F6642E70F80}.Release|Any CPU.Build.0 = Release|Any CPU
		{C28A0A11-BAF3-4E9A-BD34-A63BAB3570C8}.Debug|Any CPU.ActiveCfg = Debug|Any CPU
		{C28A0A11-BAF3-4E9A-BD34-A63BAB3570C8}.Debug|Any CPU.Build.0 = Debug|Any CPU
		{C28A0A11-BAF3-4E9A-BD34-A63BAB3570C8}.Release|Any CPU.ActiveCfg = Release|Any CPU
		{C28A0A11-BAF3-4E9A-BD34-A63BAB3570C8}.Release|Any CPU.Build.0 = Release|Any CPU
		{0EC8C826-440C-4A0F-9BC2-84197C9819D7}.Debug|Any CPU.ActiveCfg = Debug|Any CPU
		{0EC8C826-440C-4A0F-9BC2-84197C9819D7}.Debug|Any CPU.Build.0 = Debug|Any CPU
		{0EC8C826-440C-4A0F-9BC2-84197C9819D7}.Release|Any CPU.ActiveCfg = Release|Any CPU
		{0EC8C826-440C-4A0F-9BC2-84197C9819D7}.Release|Any CPU.Build.0 = Release|Any CPU
		{05CBEA30-507A-40B1-8478-B6DEAA34F46A}.Debug|Any CPU.ActiveCfg = Debug|Any CPU
		{05CBEA30-507A-40B1-8478-B6DEAA34F46A}.Debug|Any CPU.Build.0 = Debug|Any CPU
		{05CBEA30-507A-40B1-8478-B6DEAA34F46A}.Release|Any CPU.ActiveCfg = Release|Any CPU
		{05CBEA30-507A-40B1-8478-B6DEAA34F46A}.Release|Any CPU.Build.0 = Release|Any CPU
		{CAE6001D-2308-48D5-A902-B858FC4F5498}.Debug|Any CPU.ActiveCfg = Debug|Any CPU
		{CAE6001D-2308-48D5-A902-B858FC4F5498}.Debug|Any CPU.Build.0 = Debug|Any CPU
		{CAE6001D-2308-48D5-A902-B858FC4F5498}.Release|Any CPU.ActiveCfg = Release|Any CPU
		{CAE6001D-2308-48D5-A902-B858FC4F5498}.Release|Any CPU.Build.0 = Release|Any CPU
		{48246AEA-728E-4218-8F0E-957D7965CBF5}.Debug|Any CPU.ActiveCfg = Debug|Any CPU
		{48246AEA-728E-4218-8F0E-957D7965CBF5}.Debug|Any CPU.Build.0 = Debug|Any CPU
		{48246AEA-728E-4218-8F0E-957D7965CBF5}.Release|Any CPU.ActiveCfg = Release|Any CPU
		{48246AEA-728E-4218-8F0E-957D7965CBF5}.Release|Any CPU.Build.0 = Release|Any CPU
		{ACED5C60-3BBD-4081-A024-66C2911609BF}.Debug|Any CPU.ActiveCfg = Debug|Any CPU
		{ACED5C60-3BBD-4081-A024-66C2911609BF}.Debug|Any CPU.Build.0 = Debug|Any CPU
		{ACED5C60-3BBD-4081-A024-66C2911609BF}.Release|Any CPU.ActiveCfg = Release|Any CPU
		{ACED5C60-3BBD-4081-A024-66C2911609BF}.Release|Any CPU.Build.0 = Release|Any CPU
		{E811E0F7-DA50-4133-8CED-09F881D8123C}.Debug|Any CPU.ActiveCfg = Debug|Any CPU
		{E811E0F7-DA50-4133-8CED-09F881D8123C}.Debug|Any CPU.Build.0 = Debug|Any CPU
		{E811E0F7-DA50-4133-8CED-09F881D8123C}.Release|Any CPU.ActiveCfg = Release|Any CPU
		{E811E0F7-DA50-4133-8CED-09F881D8123C}.Release|Any CPU.Build.0 = Release|Any CPU
		{6F320C2B-F576-4836-855F-8FD49279091C}.Debug|Any CPU.ActiveCfg = Debug|Any CPU
		{6F320C2B-F576-4836-855F-8FD49279091C}.Debug|Any CPU.Build.0 = Debug|Any CPU
		{6F320C2B-F576-4836-855F-8FD49279091C}.Release|Any CPU.ActiveCfg = Release|Any CPU
		{6F320C2B-F576-4836-855F-8FD49279091C}.Release|Any CPU.Build.0 = Release|Any CPU
	EndGlobalSection
	GlobalSection(SolutionProperties) = preSolution
		HideSolutionNode = FALSE
	EndGlobalSection
	GlobalSection(NestedProjects) = preSolution
		{E43D10FC-D932-4AB6-A982-88E3C1610B38} = {4E219C4B-4A92-43E0-A86E-BDFE86210427}
		{6FFF6270-148B-4546-BC10-E737CF9E6405} = {4E219C4B-4A92-43E0-A86E-BDFE86210427}
		{DC3AF596-37D3-4E42-98F0-AC305BA4A063} = {4E219C4B-4A92-43E0-A86E-BDFE86210427}
		{3C3D9CDF-7A2C-4DAF-B00F-A892F34F9A94} = {4E219C4B-4A92-43E0-A86E-BDFE86210427}
		{53B800EB-FDC8-4409-A99F-9C9099F3507A} = {4E219C4B-4A92-43E0-A86E-BDFE86210427}
		{B91F9AD6-C4B6-478A-91C7-60C296E4D4E9} = {E43D10FC-D932-4AB6-A982-88E3C1610B38}
		{B2AA53F7-2A66-4885-97AA-7E77018816D5} = {E43D10FC-D932-4AB6-A982-88E3C1610B38}
		{22464DB9-8FD4-489E-9C7D-F6800C8B9831} = {E43D10FC-D932-4AB6-A982-88E3C1610B38}
		{84C63EFA-2634-4182-921E-884B0FF6115C} = {E43D10FC-D932-4AB6-A982-88E3C1610B38}
		{447D4B71-E0D8-46DA-917E-5FB9C0B2F83D} = {E43D10FC-D932-4AB6-A982-88E3C1610B38}
		{E2852FBC-327A-4F2D-BC3E-DDD05D55F395} = {447D4B71-E0D8-46DA-917E-5FB9C0B2F83D}
		{399210A0-2F2D-4F4F-B4BE-811731E59C3A} = {84C63EFA-2634-4182-921E-884B0FF6115C}
		{D71554AC-8E81-467D-8673-DC168739EBD1} = {B91F9AD6-C4B6-478A-91C7-60C296E4D4E9}
		{3429D4F1-ADA4-4F2D-92D1-43FA047FC3B2} = {22464DB9-8FD4-489E-9C7D-F6800C8B9831}
		{77C8F008-351B-4E85-964E-9F6642E70F80} = {B2AA53F7-2A66-4885-97AA-7E77018816D5}
		{C28A0A11-BAF3-4E9A-BD34-A63BAB3570C8} = {6FFF6270-148B-4546-BC10-E737CF9E6405}
		{0EC8C826-440C-4A0F-9BC2-84197C9819D7} = {CA2803D8-FE39-48E2-9B9A-E15D7374F8EF}
		{05CBEA30-507A-40B1-8478-B6DEAA34F46A} = {4EF10C4D-C02F-4ADB-AC64-E1B4816AA393}
		{CAE6001D-2308-48D5-A902-B858FC4F5498} = {4EF10C4D-C02F-4ADB-AC64-E1B4816AA393}
		{48246AEA-728E-4218-8F0E-957D7965CBF5} = {4EF10C4D-C02F-4ADB-AC64-E1B4816AA393}
		{ACED5C60-3BBD-4081-A024-66C2911609BF} = {4EF10C4D-C02F-4ADB-AC64-E1B4816AA393}
		{E811E0F7-DA50-4133-8CED-09F881D8123C} = {4EF10C4D-C02F-4ADB-AC64-E1B4816AA393}
		{6F320C2B-F576-4836-855F-8FD49279091C} = {DC3AF596-37D3-4E42-98F0-AC305BA4A063}
	EndGlobalSection
	GlobalSection(ExtensibilityGlobals) = postSolution
		SolutionGuid = {E51B4101-52E1-4FB3-933B-931665B1241C}
	EndGlobalSection
EndGlobal
