
Microsoft Visual Studio Solution File, Format Version 12.00
# Visual Studio Version 16
VisualStudioVersion = 16.0.30128.74
MinimumVisualStudioVersion = 10.0.40219.1
Project("{2150E333-8FDC-42A3-9474-1A3956D46DE8}") = "Solution Items", "Solution Items", "{998EE8B4-96CC-49A7-8B62-D45D042B71E1}"
	ProjectSection(SolutionItems) = preProject
		LICENSE = LICENSE
		README.md = README.md
	EndProjectSection
EndProject
Project("{2150E333-8FDC-42A3-9474-1A3956D46DE8}") = "src", "src", "{4E219C4B-4A92-43E0-A86E-BDFE86210427}"
EndProject
Project("{2150E333-8FDC-42A3-9474-1A3956D46DE8}") = "tests", "tests", "{4EF10C4D-C02F-4ADB-AC64-E1B4816AA393}"
EndProject
Project("{2150E333-8FDC-42A3-9474-1A3956D46DE8}") = "Services", "Services", "{E43D10FC-D932-4AB6-A982-88E3C1610B38}"
EndProject
Project("{2150E333-8FDC-42A3-9474-1A3956D46DE8}") = "ApiGateways", "ApiGateways", "{6FFF6270-148B-4546-BC10-E737CF9E6405}"
EndProject
Project("{2150E333-8FDC-42A3-9474-1A3956D46DE8}") = "BuildingBlocks", "BuildingBlocks", "{DC3AF596-37D3-4E42-98F0-AC305BA4A063}"
EndProject
Project("{2150E333-8FDC-42A3-9474-1A3956D46DE8}") = "DataSources", "DataSources", "{3C3D9CDF-7A2C-4DAF-B00F-A892F34F9A94}"
EndProject
Project("{2150E333-8FDC-42A3-9474-1A3956D46DE8}") = "Web", "Web", "{53B800EB-FDC8-4409-A99F-9C9099F3507A}"
EndProject
Project("{2150E333-8FDC-42A3-9474-1A3956D46DE8}") = "Profile", "Profile", "{B91F9AD6-C4B6-478A-91C7-60C296E4D4E9}"
EndProject
Project("{2150E333-8FDC-42A3-9474-1A3956D46DE8}") = "Report", "Report", "{B2AA53F7-2A66-4885-97AA-7E77018816D5}"
EndProject
Project("{2150E333-8FDC-42A3-9474-1A3956D46DE8}") = "Identity", "Identity", "{22464DB9-8FD4-489E-9C7D-F6800C8B9831}"
EndProject
Project("{2150E333-8FDC-42A3-9474-1A3956D46DE8}") = "DataProcessor", "DataProcessor", "{84C63EFA-2634-4182-921E-884B0FF6115C}"
EndProject
Project("{2150E333-8FDC-42A3-9474-1A3956D46DE8}") = "Sensor", "Sensor", "{447D4B71-E0D8-46DA-917E-5FB9C0B2F83D}"
EndProject
Project("{2150E333-8FDC-42A3-9474-1A3956D46DE8}") = "tests", "tests", "{551527C4-DDDC-40FB-AFE9-3CCCE6629D70}"
EndProject
Project("{FAE04EC0-301F-11D3-BF4B-00C04F79EFBC}") = "Sensor.API", "Services\Sensor\Sensor.API\Sensor.API.csproj", "{E2852FBC-327A-4F2D-BC3E-DDD05D55F395}"
EndProject
Global
	GlobalSection(SolutionConfigurationPlatforms) = preSolution
		Debug|Any CPU = Debug|Any CPU
		Release|Any CPU = Release|Any CPU
	EndGlobalSection
	GlobalSection(ProjectConfigurationPlatforms) = postSolution
		{E2852FBC-327A-4F2D-BC3E-DDD05D55F395}.Debug|Any CPU.ActiveCfg = Debug|Any CPU
		{E2852FBC-327A-4F2D-BC3E-DDD05D55F395}.Debug|Any CPU.Build.0 = Debug|Any CPU
		{E2852FBC-327A-4F2D-BC3E-DDD05D55F395}.Release|Any CPU.ActiveCfg = Release|Any CPU
		{E2852FBC-327A-4F2D-BC3E-DDD05D55F395}.Release|Any CPU.Build.0 = Release|Any CPU
	EndGlobalSection
	GlobalSection(SolutionProperties) = preSolution
		HideSolutionNode = FALSE
	EndGlobalSection
	GlobalSection(NestedProjects) = preSolution
		{E43D10FC-D932-4AB6-A982-88E3C1610B38} = {4E219C4B-4A92-43E0-A86E-BDFE86210427}
		{6FFF6270-148B-4546-BC10-E737CF9E6405} = {4E219C4B-4A92-43E0-A86E-BDFE86210427}
		{DC3AF596-37D3-4E42-98F0-AC305BA4A063} = {4E219C4B-4A92-43E0-A86E-BDFE86210427}
		{3C3D9CDF-7A2C-4DAF-B00F-A892F34F9A94} = {4E219C4B-4A92-43E0-A86E-BDFE86210427}
		{53B800EB-FDC8-4409-A99F-9C9099F3507A} = {4E219C4B-4A92-43E0-A86E-BDFE86210427}
		{B91F9AD6-C4B6-478A-91C7-60C296E4D4E9} = {E43D10FC-D932-4AB6-A982-88E3C1610B38}
		{B2AA53F7-2A66-4885-97AA-7E77018816D5} = {E43D10FC-D932-4AB6-A982-88E3C1610B38}
		{22464DB9-8FD4-489E-9C7D-F6800C8B9831} = {E43D10FC-D932-4AB6-A982-88E3C1610B38}
		{84C63EFA-2634-4182-921E-884B0FF6115C} = {E43D10FC-D932-4AB6-A982-88E3C1610B38}
		{447D4B71-E0D8-46DA-917E-5FB9C0B2F83D} = {E43D10FC-D932-4AB6-A982-88E3C1610B38}
		{551527C4-DDDC-40FB-AFE9-3CCCE6629D70} = {447D4B71-E0D8-46DA-917E-5FB9C0B2F83D}
		{E2852FBC-327A-4F2D-BC3E-DDD05D55F395} = {447D4B71-E0D8-46DA-917E-5FB9C0B2F83D}
	EndGlobalSection
	GlobalSection(ExtensibilityGlobals) = postSolution
		SolutionGuid = {E51B4101-52E1-4FB3-933B-931665B1241C}
	EndGlobalSection
EndGlobal
