
Microsoft Visual Studio Solution File, Format Version 12.00
# Visual Studio Version 16
VisualStudioVersion = 16.0.30128.74
MinimumVisualStudioVersion = 10.0.40219.1
Project("{2150E333-8FDC-42A3-9474-1A3956D46DE8}") = "Solution Items", "Solution Items", "{998EE8B4-96CC-49A7-8B62-D45D042B71E1}"
	ProjectSection(SolutionItems) = preProject
		LICENSE = LICENSE
		README.md = README.md
	EndProjectSection
EndProject
Project("{2150E333-8FDC-42A3-9474-1A3956D46DE8}") = "src", "src", "{4E219C4B-4A92-43E0-A86E-BDFE86210427}"
EndProject
Project("{2150E333-8FDC-42A3-9474-1A3956D46DE8}") = "tests", "tests", "{4EF10C4D-C02F-4ADB-AC64-E1B4816AA393}"
EndProject
Project("{2150E333-8FDC-42A3-9474-1A3956D46DE8}") = "Services", "Services", "{E43D10FC-D932-4AB6-A982-88E3C1610B38}"
EndProject
Project("{2150E333-8FDC-42A3-9474-1A3956D46DE8}") = "ApiGateways", "ApiGateways", "{6FFF6270-148B-4546-BC10-E737CF9E6405}"
EndProject
Project("{2150E333-8FDC-42A3-9474-1A3956D46DE8}") = "BuildingBlocks", "BuildingBlocks", "{DC3AF596-37D3-4E42-98F0-AC305BA4A063}"
EndProject
Project("{2150E333-8FDC-42A3-9474-1A3956D46DE8}") = "DataSources", "DataSources", "{3C3D9CDF-7A2C-4DAF-B00F-A892F34F9A94}"
EndProject
Project("{2150E333-8FDC-42A3-9474-1A3956D46DE8}") = "Web", "Web", "{53B800EB-FDC8-4409-A99F-9C9099F3507A}"
EndProject
Project("{2150E333-8FDC-42A3-9474-1A3956D46DE8}") = "Profile", "Profile", "{B91F9AD6-C4B6-478A-91C7-60C296E4D4E9}"
EndProject
Project("{2150E333-8FDC-42A3-9474-1A3956D46DE8}") = "Report", "Report", "{B2AA53F7-2A66-4885-97AA-7E77018816D5}"
EndProject
Project("{2150E333-8FDC-42A3-9474-1A3956D46DE8}") = "Identity", "Identity", "{22464DB9-8FD4-489E-9C7D-F6800C8B9831}"
EndProject
Project("{2150E333-8FDC-42A3-9474-1A3956D46DE8}") = "DataProcessor", "DataProcessor", "{84C63EFA-2634-4182-921E-884B0FF6115C}"
EndProject
Project("{2150E333-8FDC-42A3-9474-1A3956D46DE8}") = "Sensor", "Sensor", "{447D4B71-E0D8-46DA-917E-5FB9C0B2F83D}"
EndProject
Project("{2150E333-8FDC-42A3-9474-1A3956D46DE8}") = "tests", "tests", "{551527C4-DDDC-40FB-AFE9-3CCCE6629D70}"
EndProject
Project("{9A19103F-16F7-4668-BE54-9A1E7A4F7556}") = "Sensor.API", "Services\Sensor\Sensor.API\Sensor.API.csproj", "{E2852FBC-327A-4F2D-BC3E-DDD05D55F395}"
EndProject
Project("{9A19103F-16F7-4668-BE54-9A1E7A4F7556}") = "Sensor.UnitTests", "Services\Sensor\Sensor.UnitTests\Sensor.UnitTests.csproj", "{B40536B8-0614-4038-BFAB-1E581881D379}"
EndProject
Project("{2150E333-8FDC-42A3-9474-1A3956D46DE8}") = "tests", "tests", "{3F6B940F-700A-4DA8-996D-78969CA62A86}"
EndProject
Project("{9A19103F-16F7-4668-BE54-9A1E7A4F7556}") = "DataProcessor.API", "Services\DataProcessor\DataProcessor.API\DataProcessor.API.csproj", "{399210A0-2F2D-4F4F-B4BE-811731E59C3A}"
EndProject
Project("{9A19103F-16F7-4668-BE54-9A1E7A4F7556}") = "DataProcessor.UnitTests", "Services\DataProcessor\DataProcessor.UnitTests\DataProcessor.UnitTests.csproj", "{601A2D64-CA03-4B6E-9C47-E87880D8F06C}"
EndProject
Project("{2150E333-8FDC-42A3-9474-1A3956D46DE8}") = "tests", "tests", "{8D66CC79-A2E1-45CB-ACC3-6F971782BAC7}"
EndProject
Project("{9A19103F-16F7-4668-BE54-9A1E7A4F7556}") = "Profile.API", "Services\Profile\Profile.API\Profile.API.csproj", "{D71554AC-8E81-467D-8673-DC168739EBD1}"
EndProject
Project("{9A19103F-16F7-4668-BE54-9A1E7A4F7556}") = "Profile.UnitTests", "Services\Profile\Profile.UnitTests\Profile.UnitTests.csproj", "{8438696F-0066-450B-A3B7-4C3E1678107A}"
EndProject
Project("{2150E333-8FDC-42A3-9474-1A3956D46DE8}") = "tests", "tests", "{065F4B19-021E-43E8-A634-BA094785EDAE}"
EndProject
Project("{9A19103F-16F7-4668-BE54-9A1E7A4F7556}") = "Identity.API", "Services\Identity\Identity.API\Identity.API.csproj", "{3429D4F1-ADA4-4F2D-92D1-43FA047FC3B2}"
EndProject
Project("{9A19103F-16F7-4668-BE54-9A1E7A4F7556}") = "Identity.UnitTests", "Services\Identity\Identity.UnitTests\Identity.UnitTests.csproj", "{D6AC9859-ACDB-4AB8-BB40-0DED57F2C064}"
EndProject
Project("{2150E333-8FDC-42A3-9474-1A3956D46DE8}") = "tests", "tests", "{26681B59-5550-42F0-9080-B614C5F73093}"
EndProject
Project("{9A19103F-16F7-4668-BE54-9A1E7A4F7556}") = "Report.API", "Services\Report\Report.API\Report.API.csproj", "{77C8F008-351B-4E85-964E-9F6642E70F80}"
EndProject
Project("{9A19103F-16F7-4668-BE54-9A1E7A4F7556}") = "Report.UnitTests", "Services\Report\Report.UnitTests\Report.UnitTests.csproj", "{546584F1-590F-4C21-ACC3-9BC30330A7E1}"
EndProject
Project("{E53339B2-1760-4266-BCC7-CA923CBCF16C}") = "docker-compose", "docker-compose.dcproj", "{0EC8C826-440C-4A0F-9BC2-84197C9819D7}"
EndProject
Global
	GlobalSection(SolutionConfigurationPlatforms) = preSolution
		Debug|Any CPU = Debug|Any CPU
		Release|Any CPU = Release|Any CPU
	EndGlobalSection
	GlobalSection(ProjectConfigurationPlatforms) = postSolution
		{E2852FBC-327A-4F2D-BC3E-DDD05D55F395}.Debug|Any CPU.ActiveCfg = Debug|Any CPU
		{E2852FBC-327A-4F2D-BC3E-DDD05D55F395}.Debug|Any CPU.Build.0 = Debug|Any CPU
		{E2852FBC-327A-4F2D-BC3E-DDD05D55F395}.Release|Any CPU.ActiveCfg = Release|Any CPU
		{E2852FBC-327A-4F2D-BC3E-DDD05D55F395}.Release|Any CPU.Build.0 = Release|Any CPU
		{B40536B8-0614-4038-BFAB-1E581881D379}.Debug|Any CPU.ActiveCfg = Debug|Any CPU
		{B40536B8-0614-4038-BFAB-1E581881D379}.Debug|Any CPU.Build.0 = Debug|Any CPU
		{B40536B8-0614-4038-BFAB-1E581881D379}.Release|Any CPU.ActiveCfg = Release|Any CPU
		{B40536B8-0614-4038-BFAB-1E581881D379}.Release|Any CPU.Build.0 = Release|Any CPU
		{399210A0-2F2D-4F4F-B4BE-811731E59C3A}.Debug|Any CPU.ActiveCfg = Debug|Any CPU
		{399210A0-2F2D-4F4F-B4BE-811731E59C3A}.Debug|Any CPU.Build.0 = Debug|Any CPU
		{399210A0-2F2D-4F4F-B4BE-811731E59C3A}.Release|Any CPU.ActiveCfg = Release|Any CPU
		{399210A0-2F2D-4F4F-B4BE-811731E59C3A}.Release|Any CPU.Build.0 = Release|Any CPU
		{601A2D64-CA03-4B6E-9C47-E87880D8F06C}.Debug|Any CPU.ActiveCfg = Debug|Any CPU
		{601A2D64-CA03-4B6E-9C47-E87880D8F06C}.Debug|Any CPU.Build.0 = Debug|Any CPU
		{601A2D64-CA03-4B6E-9C47-E87880D8F06C}.Release|Any CPU.ActiveCfg = Release|Any CPU
		{601A2D64-CA03-4B6E-9C47-E87880D8F06C}.Release|Any CPU.Build.0 = Release|Any CPU
		{D71554AC-8E81-467D-8673-DC168739EBD1}.Debug|Any CPU.ActiveCfg = Debug|Any CPU
		{D71554AC-8E81-467D-8673-DC168739EBD1}.Debug|Any CPU.Build.0 = Debug|Any CPU
		{D71554AC-8E81-467D-8673-DC168739EBD1}.Release|Any CPU.ActiveCfg = Release|Any CPU
		{D71554AC-8E81-467D-8673-DC168739EBD1}.Release|Any CPU.Build.0 = Release|Any CPU
		{8438696F-0066-450B-A3B7-4C3E1678107A}.Debug|Any CPU.ActiveCfg = Debug|Any CPU
		{8438696F-0066-450B-A3B7-4C3E1678107A}.Debug|Any CPU.Build.0 = Debug|Any CPU
		{8438696F-0066-450B-A3B7-4C3E1678107A}.Release|Any CPU.ActiveCfg = Release|Any CPU
		{8438696F-0066-450B-A3B7-4C3E1678107A}.Release|Any CPU.Build.0 = Release|Any CPU
		{3429D4F1-ADA4-4F2D-92D1-43FA047FC3B2}.Debug|Any CPU.ActiveCfg = Debug|Any CPU
		{3429D4F1-ADA4-4F2D-92D1-43FA047FC3B2}.Debug|Any CPU.Build.0 = Debug|Any CPU
		{3429D4F1-ADA4-4F2D-92D1-43FA047FC3B2}.Release|Any CPU.ActiveCfg = Release|Any CPU
		{3429D4F1-ADA4-4F2D-92D1-43FA047FC3B2}.Release|Any CPU.Build.0 = Release|Any CPU
		{D6AC9859-ACDB-4AB8-BB40-0DED57F2C064}.Debug|Any CPU.ActiveCfg = Debug|Any CPU
		{D6AC9859-ACDB-4AB8-BB40-0DED57F2C064}.Debug|Any CPU.Build.0 = Debug|Any CPU
		{D6AC9859-ACDB-4AB8-BB40-0DED57F2C064}.Release|Any CPU.ActiveCfg = Release|Any CPU
		{D6AC9859-ACDB-4AB8-BB40-0DED57F2C064}.Release|Any CPU.Build.0 = Release|Any CPU
		{77C8F008-351B-4E85-964E-9F6642E70F80}.Debug|Any CPU.ActiveCfg = Debug|Any CPU
		{77C8F008-351B-4E85-964E-9F6642E70F80}.Debug|Any CPU.Build.0 = Debug|Any CPU
		{77C8F008-351B-4E85-964E-9F6642E70F80}.Release|Any CPU.ActiveCfg = Release|Any CPU
		{77C8F008-351B-4E85-964E-9F6642E70F80}.Release|Any CPU.Build.0 = Release|Any CPU
		{546584F1-590F-4C21-ACC3-9BC30330A7E1}.Debug|Any CPU.ActiveCfg = Debug|Any CPU
		{546584F1-590F-4C21-ACC3-9BC30330A7E1}.Debug|Any CPU.Build.0 = Debug|Any CPU
		{546584F1-590F-4C21-ACC3-9BC30330A7E1}.Release|Any CPU.ActiveCfg = Release|Any CPU
		{546584F1-590F-4C21-ACC3-9BC30330A7E1}.Release|Any CPU.Build.0 = Release|Any CPU
		{0EC8C826-440C-4A0F-9BC2-84197C9819D7}.Debug|Any CPU.ActiveCfg = Debug|Any CPU
		{0EC8C826-440C-4A0F-9BC2-84197C9819D7}.Debug|Any CPU.Build.0 = Debug|Any CPU
		{0EC8C826-440C-4A0F-9BC2-84197C9819D7}.Release|Any CPU.ActiveCfg = Release|Any CPU
		{0EC8C826-440C-4A0F-9BC2-84197C9819D7}.Release|Any CPU.Build.0 = Release|Any CPU
	EndGlobalSection
	GlobalSection(SolutionProperties) = preSolution
		HideSolutionNode = FALSE
	EndGlobalSection
	GlobalSection(NestedProjects) = preSolution
		{E43D10FC-D932-4AB6-A982-88E3C1610B38} = {4E219C4B-4A92-43E0-A86E-BDFE86210427}
		{6FFF6270-148B-4546-BC10-E737CF9E6405} = {4E219C4B-4A92-43E0-A86E-BDFE86210427}
		{DC3AF596-37D3-4E42-98F0-AC305BA4A063} = {4E219C4B-4A92-43E0-A86E-BDFE86210427}
		{3C3D9CDF-7A2C-4DAF-B00F-A892F34F9A94} = {4E219C4B-4A92-43E0-A86E-BDFE86210427}
		{53B800EB-FDC8-4409-A99F-9C9099F3507A} = {4E219C4B-4A92-43E0-A86E-BDFE86210427}
		{B91F9AD6-C4B6-478A-91C7-60C296E4D4E9} = {E43D10FC-D932-4AB6-A982-88E3C1610B38}
		{B2AA53F7-2A66-4885-97AA-7E77018816D5} = {E43D10FC-D932-4AB6-A982-88E3C1610B38}
		{22464DB9-8FD4-489E-9C7D-F6800C8B9831} = {E43D10FC-D932-4AB6-A982-88E3C1610B38}
		{84C63EFA-2634-4182-921E-884B0FF6115C} = {E43D10FC-D932-4AB6-A982-88E3C1610B38}
		{447D4B71-E0D8-46DA-917E-5FB9C0B2F83D} = {E43D10FC-D932-4AB6-A982-88E3C1610B38}
		{551527C4-DDDC-40FB-AFE9-3CCCE6629D70} = {447D4B71-E0D8-46DA-917E-5FB9C0B2F83D}
		{E2852FBC-327A-4F2D-BC3E-DDD05D55F395} = {447D4B71-E0D8-46DA-917E-5FB9C0B2F83D}
		{B40536B8-0614-4038-BFAB-1E581881D379} = {551527C4-DDDC-40FB-AFE9-3CCCE6629D70}
		{3F6B940F-700A-4DA8-996D-78969CA62A86} = {84C63EFA-2634-4182-921E-884B0FF6115C}
		{399210A0-2F2D-4F4F-B4BE-811731E59C3A} = {84C63EFA-2634-4182-921E-884B0FF6115C}
		{601A2D64-CA03-4B6E-9C47-E87880D8F06C} = {3F6B940F-700A-4DA8-996D-78969CA62A86}
		{8D66CC79-A2E1-45CB-ACC3-6F971782BAC7} = {B91F9AD6-C4B6-478A-91C7-60C296E4D4E9}
		{D71554AC-8E81-467D-8673-DC168739EBD1} = {B91F9AD6-C4B6-478A-91C7-60C296E4D4E9}
		{8438696F-0066-450B-A3B7-4C3E1678107A} = {8D66CC79-A2E1-45CB-ACC3-6F971782BAC7}
		{065F4B19-021E-43E8-A634-BA094785EDAE} = {22464DB9-8FD4-489E-9C7D-F6800C8B9831}
		{3429D4F1-ADA4-4F2D-92D1-43FA047FC3B2} = {22464DB9-8FD4-489E-9C7D-F6800C8B9831}
		{D6AC9859-ACDB-4AB8-BB40-0DED57F2C064} = {065F4B19-021E-43E8-A634-BA094785EDAE}
		{26681B59-5550-42F0-9080-B614C5F73093} = {B2AA53F7-2A66-4885-97AA-7E77018816D5}
		{77C8F008-351B-4E85-964E-9F6642E70F80} = {B2AA53F7-2A66-4885-97AA-7E77018816D5}
		{546584F1-590F-4C21-ACC3-9BC30330A7E1} = {26681B59-5550-42F0-9080-B614C5F73093}
	EndGlobalSection
	GlobalSection(ExtensibilityGlobals) = postSolution
		SolutionGuid = {E51B4101-52E1-4FB3-933B-931665B1241C}
	EndGlobalSection
EndGlobal
